
Microsoft Visual Studio Solution File, Format Version 12.00
# Visual Studio Version 17
VisualStudioVersion = 17.0.31903.59
MinimumVisualStudioVersion = 10.0.40219.1
Project("{FAE04EC0-301F-11D3-BF4B-00C04F79EFBC}") = "1-Singleton Tasarım", "1-Singleton Tasarım\1-Singleton Tasarım.csproj", "{C81E3BC1-8F50-4E87-B958-DAB7EFFA0AB1}"
EndProject
Project("{FAE04EC0-301F-11D3-BF4B-00C04F79EFBC}") = "4-Factory Method Design", "4-Factory Method Design\4-Factory Method Design.csproj", "{0701DA48-4AB9-4CA1-B043-C717DEB18690}"
EndProject
Project("{FAE04EC0-301F-11D3-BF4B-00C04F79EFBC}") = "5-Abstract Factory Design", "5-Abstract Factory Design\5-Abstract Factory Design.csproj", "{1C4092E4-D215-48C5-ABBA-14F0D60C3F83}"
EndProject
Project("{FAE04EC0-301F-11D3-BF4B-00C04F79EFBC}") = "6_Prototype Deseni", "6_Prototype Deseni\6_Prototype Deseni.csproj", "{1712634E-7D3D-4318-B2F6-3C0ACC507200}"
EndProject
Project("{FAE04EC0-301F-11D3-BF4B-00C04F79EFBC}") = "7_Builder Deseni", "7_Builder Deseni\7_Builder Deseni.csproj", "{D1185082-BB83-4F72-8B3A-6C06CA8CF14F}"
EndProject
Global
	GlobalSection(SolutionConfigurationPlatforms) = preSolution
		Debug|Any CPU = Debug|Any CPU
		Release|Any CPU = Release|Any CPU
	EndGlobalSection
	GlobalSection(ProjectConfigurationPlatforms) = postSolution
		{C81E3BC1-8F50-4E87-B958-DAB7EFFA0AB1}.Debug|Any CPU.ActiveCfg = Debug|Any CPU
		{C81E3BC1-8F50-4E87-B958-DAB7EFFA0AB1}.Debug|Any CPU.Build.0 = Debug|Any CPU
		{C81E3BC1-8F50-4E87-B958-DAB7EFFA0AB1}.Release|Any CPU.ActiveCfg = Release|Any CPU
		{C81E3BC1-8F50-4E87-B958-DAB7EFFA0AB1}.Release|Any CPU.Build.0 = Release|Any CPU
		{0701DA48-4AB9-4CA1-B043-C717DEB18690}.Debug|Any CPU.ActiveCfg = Debug|Any CPU
		{0701DA48-4AB9-4CA1-B043-C717DEB18690}.Debug|Any CPU.Build.0 = Debug|Any CPU
		{0701DA48-4AB9-4CA1-B043-C717DEB18690}.Release|Any CPU.ActiveCfg = Release|Any CPU
		{0701DA48-4AB9-4CA1-B043-C717DEB18690}.Release|Any CPU.Build.0 = Release|Any CPU
		{1C4092E4-D215-48C5-ABBA-14F0D60C3F83}.Debug|Any CPU.ActiveCfg = Debug|Any CPU
		{1C4092E4-D215-48C5-ABBA-14F0D60C3F83}.Debug|Any CPU.Build.0 = Debug|Any CPU
		{1C4092E4-D215-48C5-ABBA-14F0D60C3F83}.Release|Any CPU.ActiveCfg = Release|Any CPU
		{1C4092E4-D215-48C5-ABBA-14F0D60C3F83}.Release|Any CPU.Build.0 = Release|Any CPU
		{1712634E-7D3D-4318-B2F6-3C0ACC507200}.Debug|Any CPU.ActiveCfg = Debug|Any CPU
		{1712634E-7D3D-4318-B2F6-3C0ACC507200}.Debug|Any CPU.Build.0 = Debug|Any CPU
		{1712634E-7D3D-4318-B2F6-3C0ACC507200}.Release|Any CPU.ActiveCfg = Release|Any CPU
		{1712634E-7D3D-4318-B2F6-3C0ACC507200}.Release|Any CPU.Build.0 = Release|Any CPU
		{D1185082-BB83-4F72-8B3A-6C06CA8CF14F}.Debug|Any CPU.ActiveCfg = Debug|Any CPU
		{D1185082-BB83-4F72-8B3A-6C06CA8CF14F}.Debug|Any CPU.Build.0 = Debug|Any CPU
		{D1185082-BB83-4F72-8B3A-6C06CA8CF14F}.Release|Any CPU.ActiveCfg = Release|Any CPU
		{D1185082-BB83-4F72-8B3A-6C06CA8CF14F}.Release|Any CPU.Build.0 = Release|Any CPU
	EndGlobalSection
	GlobalSection(SolutionProperties) = preSolution
		HideSolutionNode = FALSE
	EndGlobalSection
	GlobalSection(ExtensibilityGlobals) = postSolution
		SolutionGuid = {3DC1FC37-BA15-48E1-AB65-7A7F3FA0ACA9}
	EndGlobalSection
EndGlobal
